
Microsoft Visual Studio Solution File, Format Version 12.00
# Visual Studio Version 17
VisualStudioVersion = 17.9.34728.123
MinimumVisualStudioVersion = 10.0.40219.1
Project("{FAE04EC0-301F-11D3-BF4B-00C04F79EFBC}") = "Entities", "Entities\Entities.csproj", "{CFFD8805-C969-44CB-9215-06CDC6751ECA}"
EndProject
Project("{FAE04EC0-301F-11D3-BF4B-00C04F79EFBC}") = "Shared", "Shared\Shared.csproj", "{141CB170-3FAB-4CC3-BF59-815731548EB0}"
EndProject
Project("{FAE04EC0-301F-11D3-BF4B-00C04F79EFBC}") = "Repository", "Repository\Repository.csproj", "{492D31A1-EACC-4FC7-BB2D-87A2FD5193E7}"
EndProject
Project("{FAE04EC0-301F-11D3-BF4B-00C04F79EFBC}") = "API", "API\API.csproj", "{3EFA347C-847D-4E97-9C6E-5BAE661D1E95}"
EndProject
Project("{FAE04EC0-301F-11D3-BF4B-00C04F79EFBC}") = "Tests", "Tests\Tests.csproj", "{CA6032A5-4D25-4F08-B4FE-BE289695DBA6}"
EndProject
Global
	GlobalSection(SolutionConfigurationPlatforms) = preSolution
		Debug|Any CPU = Debug|Any CPU
		Release|Any CPU = Release|Any CPU
	EndGlobalSection
	GlobalSection(ProjectConfigurationPlatforms) = postSolution
		{CFFD8805-C969-44CB-9215-06CDC6751ECA}.Debug|Any CPU.ActiveCfg = Debug|Any CPU
		{CFFD8805-C969-44CB-9215-06CDC6751ECA}.Debug|Any CPU.Build.0 = Debug|Any CPU
		{CFFD8805-C969-44CB-9215-06CDC6751ECA}.Release|Any CPU.ActiveCfg = Release|Any CPU
		{CFFD8805-C969-44CB-9215-06CDC6751ECA}.Release|Any CPU.Build.0 = Release|Any CPU
		{141CB170-3FAB-4CC3-BF59-815731548EB0}.Debug|Any CPU.ActiveCfg = Debug|Any CPU
		{141CB170-3FAB-4CC3-BF59-815731548EB0}.Debug|Any CPU.Build.0 = Debug|Any CPU
		{141CB170-3FAB-4CC3-BF59-815731548EB0}.Release|Any CPU.ActiveCfg = Release|Any CPU
		{141CB170-3FAB-4CC3-BF59-815731548EB0}.Release|Any CPU.Build.0 = Release|Any CPU
		{492D31A1-EACC-4FC7-BB2D-87A2FD5193E7}.Debug|Any CPU.ActiveCfg = Debug|Any CPU
		{492D31A1-EACC-4FC7-BB2D-87A2FD5193E7}.Debug|Any CPU.Build.0 = Debug|Any CPU
		{492D31A1-EACC-4FC7-BB2D-87A2FD5193E7}.Release|Any CPU.ActiveCfg = Release|Any CPU
		{492D31A1-EACC-4FC7-BB2D-87A2FD5193E7}.Release|Any CPU.Build.0 = Release|Any CPU
		{3EFA347C-847D-4E97-9C6E-5BAE661D1E95}.Debug|Any CPU.ActiveCfg = Debug|Any CPU
		{3EFA347C-847D-4E97-9C6E-5BAE661D1E95}.Debug|Any CPU.Build.0 = Debug|Any CPU
		{3EFA347C-847D-4E97-9C6E-5BAE661D1E95}.Release|Any CPU.ActiveCfg = Release|Any CPU
		{3EFA347C-847D-4E97-9C6E-5BAE661D1E95}.Release|Any CPU.Build.0 = Release|Any CPU
		{CA6032A5-4D25-4F08-B4FE-BE289695DBA6}.Debug|Any CPU.ActiveCfg = Debug|Any CPU
		{CA6032A5-4D25-4F08-B4FE-BE289695DBA6}.Debug|Any CPU.Build.0 = Debug|Any CPU
		{CA6032A5-4D25-4F08-B4FE-BE289695DBA6}.Release|Any CPU.ActiveCfg = Release|Any CPU
		{CA6032A5-4D25-4F08-B4FE-BE289695DBA6}.Release|Any CPU.Build.0 = Release|Any CPU
	EndGlobalSection
	GlobalSection(SolutionProperties) = preSolution
		HideSolutionNode = FALSE
	EndGlobalSection
	GlobalSection(ExtensibilityGlobals) = postSolution
		SolutionGuid = {A98F3258-F4B0-4287-962F-411DD2B4185D}
	EndGlobalSection
EndGlobal
